
Microsoft Visual Studio Solution File, Format Version 12.00
# Visual Studio 15
VisualStudioVersion = 15.0.27004.2002
MinimumVisualStudioVersion = 10.0.40219.1
Project("{FAE04EC0-301F-11D3-BF4B-00C04F79EFBC}") = "ExercicioED", "ExercicioED\ExercicioED.csproj", "{6CD4C05A-11CF-42B1-B855-04A00E492A33}"
EndProject
Global
	GlobalSection(SolutionConfigurationPlatforms) = preSolution
		Debug|Any CPU = Debug|Any CPU
		Release|Any CPU = Release|Any CPU
	EndGlobalSection
	GlobalSection(ProjectConfigurationPlatforms) = postSolution
		{6CD4C05A-11CF-42B1-B855-04A00E492A33}.Debug|Any CPU.ActiveCfg = Debug|Any CPU
		{6CD4C05A-11CF-42B1-B855-04A00E492A33}.Debug|Any CPU.Build.0 = Debug|Any CPU
		{6CD4C05A-11CF-42B1-B855-04A00E492A33}.Release|Any CPU.ActiveCfg = Release|Any CPU
		{6CD4C05A-11CF-42B1-B855-04A00E492A33}.Release|Any CPU.Build.0 = Release|Any CPU
	EndGlobalSection
	GlobalSection(SolutionProperties) = preSolution
		HideSolutionNode = FALSE
	EndGlobalSection
	GlobalSection(ExtensibilityGlobals) = postSolution
		SolutionGuid = {D854F2E1-5BD6-4ECA-869A-842346432E56}
	EndGlobalSection
EndGlobal
